version = 1
revision = 3
requires-python = ">=3.12"

[[package]]
name = "pstg"
version = "0.1.0"
source = { virtual = "." }
dependencies = [
    { name = "pymodbus" },
]

[package.metadata]
requires-dist = [{ name = "pymodbus", specifier = ">=3.12.0" }]

[[package]]
name = "pymodbus"
version = "3.12.0"
source = { registry = "https://pypi.org/simple" }
sdist = { url = "https://files.pythonhosted.org/packages/41/dc/8db192f3a66032e1bd900eb87b5bbcb539d5118f520372af0cb92ba42499/pymodbus-3.12.0.tar.gz", hash = "sha256:3fafe85e5d82bb9bcbda14b97a0e69a47dc46be55631e9f988adfaf95140c44b", size = 166075, upload-time = "2026-02-08T22:13:14.623Z" }
wheels = [
    { url = "https://files.pythonhosted.org/packages/52/34/425cc4cd1ca9650498d74cec48582ecca204db9c9a5de514502738b3ec1d/pymodbus-3.12.0-py3-none-any.whl", hash = "sha256:fff8d216a0977b2e7c10796f6b1a90fefbf88d4cc598dee7dff21d383870ca7c", size = 167829, upload-time = "2026-02-08T22:13:11.981Z" },
]
